
Microsoft Visual Studio Solution File, Format Version 12.00
# Visual Studio Version 17
VisualStudioVersion = 17.12.35417.141 d17.12
MinimumVisualStudioVersion = 10.0.40219.1
Project("{FAE04EC0-301F-11D3-BF4B-00C04F79EFBC}") = "ISAKMP_Analisator", "ISAKMP_Analisator\ISAKMP_Analisator.csproj", "{FC2FB3A1-207E-4491-B934-9F135FD4B9FD}"
EndProject
Global
	GlobalSection(SolutionConfigurationPlatforms) = preSolution
		Debug|Any CPU = Debug|Any CPU
		Release|Any CPU = Release|Any CPU
	EndGlobalSection
	GlobalSection(ProjectConfigurationPlatforms) = postSolution
		{FC2FB3A1-207E-4491-B934-9F135FD4B9FD}.Debug|Any CPU.ActiveCfg = Debug|Any CPU
		{FC2FB3A1-207E-4491-B934-9F135FD4B9FD}.Debug|Any CPU.Build.0 = Debug|Any CPU
		{FC2FB3A1-207E-4491-B934-9F135FD4B9FD}.Release|Any CPU.ActiveCfg = Release|Any CPU
		{FC2FB3A1-207E-4491-B934-9F135FD4B9FD}.Release|Any CPU.Build.0 = Release|Any CPU
	EndGlobalSection
	GlobalSection(SolutionProperties) = preSolution
		HideSolutionNode = FALSE
	EndGlobalSection
EndGlobal
